// !$*UTF8*$!
{
	archiveVersion = 1;
	classes = {
	};
	objectVersion = 56;
	objects = {

/* Begin PBXBuildFile section */
		105879452ED5038100B00087 /* ThemeShowcaseView 2.swift in Sources */ = {isa = PBXBuildFile; fileRef = 105879442ED5038100B00087 /* ThemeShowcaseView 2.swift */; };
		105879472ED5073900B00087 /* AppBackground.swift in Sources */ = {isa = PBXBuildFile; fileRef = 105879462ED5073900B00087 /* AppBackground.swift */; };
		105879492ED5076100B00087 /* CustomFonts.swift in Sources */ = {isa = PBXBuildFile; fileRef = 105879482ED5076100B00087 /* CustomFonts.swift */; };
		1058794B2ED5077600B00087 /* FONT_SETUP_INSTRUCTIONS.md in Resources */ = {isa = PBXBuildFile; fileRef = 1058794A2ED5077600B00087 /* FONT_SETUP_INSTRUCTIONS.md */; };
		1058794D2ED507D000B00087 /* IMPLEMENTATION_SUMMARY.md in Resources */ = {isa = PBXBuildFile; fileRef = 1058794C2ED507D000B00087 /* IMPLEMENTATION_SUMMARY.md */; };
		1058794F2ED5082D00B00087 /* QUICK_REFERENCE.md in Resources */ = {isa = PBXBuildFile; fileRef = 1058794E2ED5082D00B00087 /* QUICK_REFERENCE.md */; };
		10F8C06E2ED5FF60004ECA3E /* DesignSystemTokenInspector.swift in Sources */ = {isa = PBXBuildFile; fileRef = 10F8C06D2ED5FF60004ECA3E /* DesignSystemTokenInspector.swift */; };
		10F8C0702ED60161004ECA3E /* TARGET_MEMBERSHIP_FIX.md in Resources */ = {isa = PBXBuildFile; fileRef = 10F8C06F2ED60161004ECA3E /* TARGET_MEMBERSHIP_FIX.md */; };
		10F8C0722ED60193004ECA3E /* THEME_USAGE_AUDIT.md in Resources */ = {isa = PBXBuildFile; fileRef = 10F8C0712ED60193004ECA3E /* THEME_USAGE_AUDIT.md */; };
		10F8C0742ED60289004ECA3E /* THEME_FIX_COMPLETE.md in Resources */ = {isa = PBXBuildFile; fileRef = 10F8C0732ED60289004ECA3E /* THEME_FIX_COMPLETE.md */; };
		10F8C0762ED602AA004ECA3E /* QUICK_START_FIX.md in Resources */ = {isa = PBXBuildFile; fileRef = 10F8C0752ED602AA004ECA3E /* QUICK_START_FIX.md */; };
		10F8C0772ED606B9004ECA3E /* DesignSystemDemoView.swift in Sources */ = {isa = PBXBuildFile; fileRef = 10F8C0682ED5FB01004ECA3E /* DesignSystemDemoView.swift */; };
		10F8C0782ED606DC004ECA3E /* ThemeExtensions.swift in Sources */ = {isa = PBXBuildFile; fileRef = 10F8C0612ED5F712004ECA3E /* ThemeExtensions.swift */; };
		10F8C07A2ED60909004ECA3E /* THEME_MODE_IMPLEMENTATION.md in Resources */ = {isa = PBXBuildFile; fileRef = 10F8C0792ED60909004ECA3E /* THEME_MODE_IMPLEMENTATION.md */; };
		10F8C0802ED6180F004ECA3E /* ThemeColorsPreview.swift in Sources */ = {isa = PBXBuildFile; fileRef = 10F8C0652ED5F84D004ECA3E /* ThemeColorsPreview.swift */; };
		D40C549CE4A1451CAAFC21AB /* ThemeShowcaseView.swift in Sources */ = {isa = PBXBuildFile; fileRef = BDE3531046534B9094834946 /* ThemeShowcaseView.swift */; };
		E9B0C8A1291ABC1200D34F01 /* LiquidGlassSandboxApp.swift in Sources */ = {isa = PBXBuildFile; fileRef = E9B0C8B1291ABC1200D34F01 /* LiquidGlassSandboxApp.swift */; };
		E9B0C8A2291ABC1200D34F02 /* ContentView.swift in Sources */ = {isa = PBXBuildFile; fileRef = E9B0C8B2291ABC1200D34F02 /* ContentView.swift */; };
		E9B0C8A3291ABC1200D34F03 /* GlassComponentsView.swift in Sources */ = {isa = PBXBuildFile; fileRef = E9B0C8B3291ABC1200D34F03 /* GlassComponentsView.swift */; };
		E9B0C8A4291ABC1200D34F04 /* AdaptiveUIView.swift in Sources */ = {isa = PBXBuildFile; fileRef = E9B0C8B4291ABC1200D34F04 /* AdaptiveUIView.swift */; };
		E9B0C8A5291ABC1200D34F05 /* DynamicBlurView.swift in Sources */ = {isa = PBXBuildFile; fileRef = E9B0C8B5291ABC1200D34F05 /* DynamicBlurView.swift */; };
		E9B0C8A6291ABC1200D34F06 /* InteractiveGlassView.swift in Sources */ = {isa = PBXBuildFile; fileRef = E9B0C8B6291ABC1200D34F06 /* InteractiveGlassView.swift */; };
		E9B0C8A7291ABC1200D34F07 /* ColorAndGradientView.swift in Sources */ = {isa = PBXBuildFile; fileRef = E9B0C8B7291ABC1200D34F07 /* ColorAndGradientView.swift */; };
		E9B0C8A8291ABC1200D34F08 /* DesignSystemGlobal.swift in Sources */ = {isa = PBXBuildFile; fileRef = E9B0C8B8291ABC1200D34F08 /* DesignSystemGlobal.swift */; };
		E9B0C8A9291ABC1200D34F09 /* DesignSystemLightLarge.swift in Sources */ = {isa = PBXBuildFile; fileRef = E9B0C8B9291ABC1200D34F09 /* DesignSystemLightLarge.swift */; };
		E9B0C8AA291ABC1200D34F0A /* DesignSystemLightMedium.swift in Sources */ = {isa = PBXBuildFile; fileRef = E9B0C8BA291ABC1200D34F0A /* DesignSystemLightMedium.swift */; };
		E9B0C8AB291ABC1200D34F0B /* DesignSystemDarkLarge.swift in Sources */ = {isa = PBXBuildFile; fileRef = E9B0C8BB291ABC1200D34F0B /* DesignSystemDarkLarge.swift */; };
		E9B0C8AC291ABC1200D34F0C /* DesignSystemDarkMedium.swift in Sources */ = {isa = PBXBuildFile; fileRef = E9B0C8BC291ABC1200D34F0C /* DesignSystemDarkMedium.swift */; };
		E9B0C8AD291ABC1200D34F0D /* Assets.xcassets in Resources */ = {isa = PBXBuildFile; fileRef = E9B0C8BD291ABC1200D34F0D /* Assets.xcassets */; };
		E9B0C8AE291ABC1200D34F0E /* LiquidGlassSandboxTests.swift in Sources */ = {isa = PBXBuildFile; fileRef = E9B0C8BE291ABC1200D34F0E /* LiquidGlassSandboxTests.swift */; };
		E9B0C8AF291ABC1200D34F0F /* LiquidGlassSandboxUITests.swift in Sources */ = {isa = PBXBuildFile; fileRef = E9B0C8BF291ABC1200D34F0F /* LiquidGlassSandboxUITests.swift */; };
/* End PBXBuildFile section */

/* Begin PBXContainerItemProxy section */
		E9B0C8C1291ABC1200D34F11 /* PBXContainerItemProxy */ = {
			isa = PBXContainerItemProxy;
			containerPortal = E9B0C8D0291ABC1200D34F00 /* Project object */;
			proxyType = 1;
			remoteGlobalIDString = E9B0C8E1291ABC1200D34F21;
			remoteInfo = LiquidGlassSandbox;
		};
		E9B0C8C2291ABC1200D34F12 /* PBXContainerItemProxy */ = {
			isa = PBXContainerItemProxy;
			containerPortal = E9B0C8D0291ABC1200D34F00 /* Project object */;
			proxyType = 1;
			remoteGlobalIDString = E9B0C8E1291ABC1200D34F21;
			remoteInfo = LiquidGlassSandbox;
		};
/* End PBXContainerItemProxy section */

/* Begin PBXFileReference section */
		105879442ED5038100B00087 /* ThemeShowcaseView 2.swift */ = {isa = PBXFileReference; lastKnownFileType = sourcecode.swift; path = "ThemeShowcaseView 2.swift"; sourceTree = "<group>"; };
		105879462ED5073900B00087 /* AppBackground.swift */ = {isa = PBXFileReference; lastKnownFileType = sourcecode.swift; path = AppBackground.swift; sourceTree = "<group>"; };
		105879482ED5076100B00087 /* CustomFonts.swift */ = {isa = PBXFileReference; lastKnownFileType = sourcecode.swift; path = CustomFonts.swift; sourceTree = "<group>"; };
		1058794A2ED5077600B00087 /* FONT_SETUP_INSTRUCTIONS.md */ = {isa = PBXFileReference; lastKnownFileType = net.daringfireball.markdown; path = FONT_SETUP_INSTRUCTIONS.md; sourceTree = "<group>"; };
		1058794C2ED507D000B00087 /* IMPLEMENTATION_SUMMARY.md */ = {isa = PBXFileReference; lastKnownFileType = net.daringfireball.markdown; path = IMPLEMENTATION_SUMMARY.md; sourceTree = "<group>"; };
		1058794E2ED5082D00B00087 /* QUICK_REFERENCE.md */ = {isa = PBXFileReference; lastKnownFileType = net.daringfireball.markdown; path = QUICK_REFERENCE.md; sourceTree = "<group>"; };
		10F8C0612ED5F712004ECA3E /* ThemeExtensions.swift */ = {isa = PBXFileReference; lastKnownFileType = sourcecode.swift; path = ThemeExtensions.swift; sourceTree = "<group>"; };
		10F8C0622ED5F7D2004ECA3E /* THEME_IMPLEMENTATION_GUIDE.md */ = {isa = PBXFileReference; lastKnownFileType = net.daringfireball.markdown; path = THEME_IMPLEMENTATION_GUIDE.md; sourceTree = "<group>"; };
		10F8C0632ED5F7FE004ECA3E /* ThemeExampleView.swift */ = {isa = PBXFileReference; lastKnownFileType = sourcecode.swift; path = ThemeExampleView.swift; sourceTree = "<group>"; };
		10F8C0642ED5F82B004ECA3E /* THEME_CHANGES_SUMMARY.md */ = {isa = PBXFileReference; lastKnownFileType = net.daringfireball.markdown; path = THEME_CHANGES_SUMMARY.md; sourceTree = "<group>"; };
		10F8C0652ED5F84D004ECA3E /* ThemeColorsPreview.swift */ = {isa = PBXFileReference; lastKnownFileType = sourcecode.swift; path = ThemeColorsPreview.swift; sourceTree = "<group>"; };
		10F8C0662ED5F87C004ECA3E /* THEME_QUICK_REFERENCE.md */ = {isa = PBXFileReference; lastKnownFileType = net.daringfireball.markdown; path = THEME_QUICK_REFERENCE.md; sourceTree = "<group>"; };
		10F8C0672ED5FABD004ECA3E /* ThemeExtensions 2.swift */ = {isa = PBXFileReference; lastKnownFileType = sourcecode.swift; path = "ThemeExtensions 2.swift"; sourceTree = "<group>"; };
		10F8C0682ED5FB01004ECA3E /* DesignSystemDemoView.swift */ = {isa = PBXFileReference; lastKnownFileType = sourcecode.swift; path = DesignSystemDemoView.swift; sourceTree = "<group>"; };
		10F8C0692ED5FB5C004ECA3E /* DESIGN_SYSTEM_INTEGRATION.md */ = {isa = PBXFileReference; lastKnownFileType = net.daringfireball.markdown; path = DESIGN_SYSTEM_INTEGRATION.md; sourceTree = "<group>"; };
		10F8C06A2ED5FB7E004ECA3E /* DESIGN_SYSTEM_QUICK_REFERENCE.md */ = {isa = PBXFileReference; lastKnownFileType = net.daringfireball.markdown; path = DESIGN_SYSTEM_QUICK_REFERENCE.md; sourceTree = "<group>"; };
		10F8C06B2ED5FC72004ECA3E /* DESIGN_SYSTEM_INTEGRATION_COMPLETE.md */ = {isa = PBXFileReference; lastKnownFileType = net.daringfireball.markdown; path = DESIGN_SYSTEM_INTEGRATION_COMPLETE.md; sourceTree = "<group>"; };
		10F8C06C2ED5FCC5004ECA3E /* DESIGN_SYSTEM_VISUAL_FLOW.md */ = {isa = PBXFileReference; lastKnownFileType = net.daringfireball.markdown; path = DESIGN_SYSTEM_VISUAL_FLOW.md; sourceTree = "<group>"; };
		10F8C06D2ED5FF60004ECA3E /* DesignSystemTokenInspector.swift */ = {isa = PBXFileReference; lastKnownFileType = sourcecode.swift; path = DesignSystemTokenInspector.swift; sourceTree = "<group>"; };
		10F8C06F2ED60161004ECA3E /* TARGET_MEMBERSHIP_FIX.md */ = {isa = PBXFileReference; lastKnownFileType = net.daringfireball.markdown; path = TARGET_MEMBERSHIP_FIX.md; sourceTree = "<group>"; };
		10F8C0712ED60193004ECA3E /* THEME_USAGE_AUDIT.md */ = {isa = PBXFileReference; lastKnownFileType = net.daringfireball.markdown; path = THEME_USAGE_AUDIT.md; sourceTree = "<group>"; };
		10F8C0732ED60289004ECA3E /* THEME_FIX_COMPLETE.md */ = {isa = PBXFileReference; lastKnownFileType = net.daringfireball.markdown; path = THEME_FIX_COMPLETE.md; sourceTree = "<group>"; };
		10F8C0752ED602AA004ECA3E /* QUICK_START_FIX.md */ = {isa = PBXFileReference; lastKnownFileType = net.daringfireball.markdown; path = QUICK_START_FIX.md; sourceTree = "<group>"; };
		10F8C0792ED60909004ECA3E /* THEME_MODE_IMPLEMENTATION.md */ = {isa = PBXFileReference; lastKnownFileType = net.daringfireball.markdown; path = THEME_MODE_IMPLEMENTATION.md; sourceTree = "<group>"; };
		10F8C07B2ED60CB5004ECA3E /* DESIGN_SYSTEM_ENHANCEMENTS.md */ = {isa = PBXFileReference; lastKnownFileType = net.daringfireball.markdown; path = DESIGN_SYSTEM_ENHANCEMENTS.md; sourceTree = "<group>"; };
		10F8C07C2ED61400004ECA3E /* THEME_COLORS_PREVIEW_ENHANCEMENTS.md */ = {isa = PBXFileReference; lastKnownFileType = net.daringfireball.markdown; path = THEME_COLORS_PREVIEW_ENHANCEMENTS.md; sourceTree = "<group>"; };
		10F8C07D2ED6162F004ECA3E /* BRAND_TINT_FIX_SUMMARY.md */ = {isa = PBXFileReference; lastKnownFileType = net.daringfireball.markdown; path = BRAND_TINT_FIX_SUMMARY.md; sourceTree = "<group>"; };
		10F8C07E2ED61657004ECA3E /* WHERE_IS_BACKGROUND_SELECTOR.md */ = {isa = PBXFileReference; lastKnownFileType = net.daringfireball.markdown; path = WHERE_IS_BACKGROUND_SELECTOR.md; sourceTree = "<group>"; };
		10F8C07F2ED6169F004ECA3E /* COMPLETE_FIX_SUMMARY.md */ = {isa = PBXFileReference; lastKnownFileType = net.daringfireball.markdown; path = COMPLETE_FIX_SUMMARY.md; sourceTree = "<group>"; };
		1F4DF7A4AD8A410C8C9C0D9F /* LiquidGlassSandboxTests.xctest */ = {isa = PBXFileReference; explicitFileType = wrapper.cfbundle; includeInIndex = 0; path = LiquidGlassSandboxTests.xctest; sourceTree = BUILT_PRODUCTS_DIR; };
		4931663E70A1441884C7FA63 /* LiquidGlassSandbox.app */ = {isa = PBXFileReference; explicitFileType = wrapper.application; includeInIndex = 0; path = LiquidGlassSandbox.app; sourceTree = BUILT_PRODUCTS_DIR; };
		B367D6077AEB478C891230CE /* LiquidGlassSandboxUITests.xctest */ = {isa = PBXFileReference; explicitFileType = wrapper.cfbundle; includeInIndex = 0; path = LiquidGlassSandboxUITests.xctest; sourceTree = BUILT_PRODUCTS_DIR; };
		BDE3531046534B9094834946 /* ThemeShowcaseView.swift */ = {isa = PBXFileReference; lastKnownFileType = sourcecode.swift; path = ThemeShowcaseView.swift; sourceTree = "<group>"; };
		E9B0C8B1291ABC1200D34F01 /* LiquidGlassSandboxApp.swift */ = {isa = PBXFileReference; lastKnownFileType = sourcecode.swift; path = LiquidGlassSandboxApp.swift; sourceTree = "<group>"; };
		E9B0C8B2291ABC1200D34F02 /* ContentView.swift */ = {isa = PBXFileReference; lastKnownFileType = sourcecode.swift; path = ContentView.swift; sourceTree = "<group>"; };
		E9B0C8B3291ABC1200D34F03 /* GlassComponentsView.swift */ = {isa = PBXFileReference; lastKnownFileType = sourcecode.swift; path = GlassComponentsView.swift; sourceTree = "<group>"; };
		E9B0C8B4291ABC1200D34F04 /* AdaptiveUIView.swift */ = {isa = PBXFileReference; lastKnownFileType = sourcecode.swift; path = AdaptiveUIView.swift; sourceTree = "<group>"; };
		E9B0C8B5291ABC1200D34F05 /* DynamicBlurView.swift */ = {isa = PBXFileReference; lastKnownFileType = sourcecode.swift; path = DynamicBlurView.swift; sourceTree = "<group>"; };
		E9B0C8B6291ABC1200D34F06 /* InteractiveGlassView.swift */ = {isa = PBXFileReference; lastKnownFileType = sourcecode.swift; path = InteractiveGlassView.swift; sourceTree = "<group>"; };
		E9B0C8B7291ABC1200D34F07 /* ColorAndGradientView.swift */ = {isa = PBXFileReference; lastKnownFileType = sourcecode.swift; path = ColorAndGradientView.swift; sourceTree = "<group>"; };
		E9B0C8B8291ABC1200D34F08 /* DesignSystemGlobal.swift */ = {isa = PBXFileReference; lastKnownFileType = sourcecode.swift; path = DesignSystemGlobal.swift; sourceTree = "<group>"; };
		E9B0C8B9291ABC1200D34F09 /* DesignSystemLightLarge.swift */ = {isa = PBXFileReference; lastKnownFileType = sourcecode.swift; path = DesignSystemLightLarge.swift; sourceTree = "<group>"; };
		E9B0C8BA291ABC1200D34F0A /* DesignSystemLightMedium.swift */ = {isa = PBXFileReference; lastKnownFileType = sourcecode.swift; path = DesignSystemLightMedium.swift; sourceTree = "<group>"; };
		E9B0C8BB291ABC1200D34F0B /* DesignSystemDarkLarge.swift */ = {isa = PBXFileReference; lastKnownFileType = sourcecode.swift; path = DesignSystemDarkLarge.swift; sourceTree = "<group>"; };
		E9B0C8BC291ABC1200D34F0C /* DesignSystemDarkMedium.swift */ = {isa = PBXFileReference; lastKnownFileType = sourcecode.swift; path = DesignSystemDarkMedium.swift; sourceTree = "<group>"; };
		E9B0C8BD291ABC1200D34F0D /* Assets.xcassets */ = {isa = PBXFileReference; lastKnownFileType = folder.assetcatalog; path = Assets.xcassets; sourceTree = "<group>"; };
		E9B0C8BE291ABC1200D34F0E /* LiquidGlassSandboxTests.swift */ = {isa = PBXFileReference; lastKnownFileType = sourcecode.swift; path = LiquidGlassSandboxTests.swift; sourceTree = "<group>"; };
		E9B0C8BF291ABC1200D34F0F /* LiquidGlassSandboxUITests.swift */ = {isa = PBXFileReference; lastKnownFileType = sourcecode.swift; path = LiquidGlassSandboxUITests.swift; sourceTree = "<group>"; };
/* End PBXFileReference section */

/* Begin PBXFrameworksBuildPhase section */
		E9B0C8F1291ABC1200D34F31 /* Frameworks */ = {
			isa = PBXFrameworksBuildPhase;
			buildActionMask = 2147483647;
			files = (
			);
			runOnlyForDeploymentPostprocessing = 0;
		};
		E9B0C8F2291ABC1200D34F32 /* Frameworks */ = {
			isa = PBXFrameworksBuildPhase;
			buildActionMask = 2147483647;
			files = (
			);
			runOnlyForDeploymentPostprocessing = 0;
		};
		E9B0C8F3291ABC1200D34F33 /* Frameworks */ = {
			isa = PBXFrameworksBuildPhase;
			buildActionMask = 2147483647;
			files = (
			);
			runOnlyForDeploymentPostprocessing = 0;
		};
/* End PBXFrameworksBuildPhase section */

/* Begin PBXGroup section */
		E9B0C8D1291ABC1200D34F40 = {
			isa = PBXGroup;
			children = (
				E9B0C8D2291ABC1200D34F41 /* LiquidGlassSandbox */,
				E9B0C8D3291ABC1200D34F42 /* LiquidGlassSandboxTests */,
				E9B0C8D4291ABC1200D34F43 /* LiquidGlassSandboxUITests */,
				E9B0C8D5291ABC1200D34F44 /* Products */,
				10F8C0612ED5F712004ECA3E /* ThemeExtensions.swift */,
				10F8C0622ED5F7D2004ECA3E /* THEME_IMPLEMENTATION_GUIDE.md */,
				10F8C0632ED5F7FE004ECA3E /* ThemeExampleView.swift */,
				10F8C0642ED5F82B004ECA3E /* THEME_CHANGES_SUMMARY.md */,
				10F8C0652ED5F84D004ECA3E /* ThemeColorsPreview.swift */,
				10F8C0662ED5F87C004ECA3E /* THEME_QUICK_REFERENCE.md */,
				10F8C0672ED5FABD004ECA3E /* ThemeExtensions 2.swift */,
				10F8C0682ED5FB01004ECA3E /* DesignSystemDemoView.swift */,
				10F8C0692ED5FB5C004ECA3E /* DESIGN_SYSTEM_INTEGRATION.md */,
				10F8C06A2ED5FB7E004ECA3E /* DESIGN_SYSTEM_QUICK_REFERENCE.md */,
				10F8C06B2ED5FC72004ECA3E /* DESIGN_SYSTEM_INTEGRATION_COMPLETE.md */,
				10F8C06C2ED5FCC5004ECA3E /* DESIGN_SYSTEM_VISUAL_FLOW.md */,
				10F8C07B2ED60CB5004ECA3E /* DESIGN_SYSTEM_ENHANCEMENTS.md */,
				10F8C07C2ED61400004ECA3E /* THEME_COLORS_PREVIEW_ENHANCEMENTS.md */,
				10F8C07D2ED6162F004ECA3E /* BRAND_TINT_FIX_SUMMARY.md */,
				10F8C07E2ED61657004ECA3E /* WHERE_IS_BACKGROUND_SELECTOR.md */,
				10F8C07F2ED6169F004ECA3E /* COMPLETE_FIX_SUMMARY.md */,
			);
			sourceTree = "<group>";
		};
		E9B0C8D2291ABC1200D34F41 /* LiquidGlassSandbox */ = {
			isa = PBXGroup;
			children = (
				E9B0C8B1291ABC1200D34F01 /* LiquidGlassSandboxApp.swift */,
				E9B0C8D6291ABC1200D34F45 /* Views */,
				E9B0C8D7291ABC1200D34F46 /* DesignSystem */,
				E9B0C8D8291ABC1200D34F47 /* Resources */,
			);
			path = LiquidGlassSandbox;
			sourceTree = "<group>";
		};
		E9B0C8D3291ABC1200D34F42 /* LiquidGlassSandboxTests */ = {
			isa = PBXGroup;
			children = (
				E9B0C8BE291ABC1200D34F0E /* LiquidGlassSandboxTests.swift */,
			);
			path = LiquidGlassSandboxTests;
			sourceTree = "<group>";
		};
		E9B0C8D4291ABC1200D34F43 /* LiquidGlassSandboxUITests */ = {
			isa = PBXGroup;
			children = (
				E9B0C8BF291ABC1200D34F0F /* LiquidGlassSandboxUITests.swift */,
			);
			path = LiquidGlassSandboxUITests;
			sourceTree = "<group>";
		};
		E9B0C8D5291ABC1200D34F44 /* Products */ = {
			isa = PBXGroup;
			children = (
				4931663E70A1441884C7FA63 /* LiquidGlassSandbox.app */,
				1F4DF7A4AD8A410C8C9C0D9F /* LiquidGlassSandboxTests.xctest */,
				B367D6077AEB478C891230CE /* LiquidGlassSandboxUITests.xctest */,
			);
			name = Products;
			sourceTree = "<group>";
		};
		E9B0C8D6291ABC1200D34F45 /* Views */ = {
			isa = PBXGroup;
			children = (
				E9B0C8B2291ABC1200D34F02 /* ContentView.swift */,
				E9B0C8B3291ABC1200D34F03 /* GlassComponentsView.swift */,
				E9B0C8B4291ABC1200D34F04 /* AdaptiveUIView.swift */,
				E9B0C8B5291ABC1200D34F05 /* DynamicBlurView.swift */,
				E9B0C8B6291ABC1200D34F06 /* InteractiveGlassView.swift */,
				E9B0C8B7291ABC1200D34F07 /* ColorAndGradientView.swift */,
				105879442ED5038100B00087 /* ThemeShowcaseView 2.swift */,
				BDE3531046534B9094834946 /* ThemeShowcaseView.swift */,
				10F8C06D2ED5FF60004ECA3E /* DesignSystemTokenInspector.swift */,
				10F8C06F2ED60161004ECA3E /* TARGET_MEMBERSHIP_FIX.md */,
				10F8C0712ED60193004ECA3E /* THEME_USAGE_AUDIT.md */,
				10F8C0732ED60289004ECA3E /* THEME_FIX_COMPLETE.md */,
				10F8C0752ED602AA004ECA3E /* QUICK_START_FIX.md */,
			);
			path = Views;
			sourceTree = "<group>";
		};
		E9B0C8D7291ABC1200D34F46 /* DesignSystem */ = {
			isa = PBXGroup;
			children = (
				E9B0C8B8291ABC1200D34F08 /* DesignSystemGlobal.swift */,
				E9B0C8B9291ABC1200D34F09 /* DesignSystemLightLarge.swift */,
				E9B0C8BA291ABC1200D34F0A /* DesignSystemLightMedium.swift */,
				E9B0C8BB291ABC1200D34F0B /* DesignSystemDarkLarge.swift */,
				E9B0C8BC291ABC1200D34F0C /* DesignSystemDarkMedium.swift */,
				105879462ED5073900B00087 /* AppBackground.swift */,
				105879482ED5076100B00087 /* CustomFonts.swift */,
				1058794A2ED5077600B00087 /* FONT_SETUP_INSTRUCTIONS.md */,
				1058794C2ED507D000B00087 /* IMPLEMENTATION_SUMMARY.md */,
				1058794E2ED5082D00B00087 /* QUICK_REFERENCE.md */,
				10F8C0792ED60909004ECA3E /* THEME_MODE_IMPLEMENTATION.md */,
			);
			path = DesignSystem;
			sourceTree = "<group>";
		};
		E9B0C8D8291ABC1200D34F47 /* Resources */ = {
			isa = PBXGroup;
			children = (
				E9B0C8BD291ABC1200D34F0D /* Assets.xcassets */,
			);
			path = Resources;
			sourceTree = "<group>";
		};
/* End PBXGroup section */

/* Begin PBXNativeTarget section */
		E9B0C8E1291ABC1200D34F21 /* LiquidGlassSandbox */ = {
			isa = PBXNativeTarget;
			buildConfigurationList = E9B0C901291ABC1200D34F51 /* Build configuration list for PBXNativeTarget "LiquidGlassSandbox" */;
			buildPhases = (
				E9B0C8F4291ABC1200D34F34 /* Sources */,
				E9B0C8F1291ABC1200D34F31 /* Frameworks */,
				E9B0C8F7291ABC1200D34F37 /* Resources */,
			);
			buildRules = (
			);
			dependencies = (
			);
			name = LiquidGlassSandbox;
			productName = LiquidGlassSandbox;
			productReference = 4931663E70A1441884C7FA63 /* LiquidGlassSandbox.app */;
			productType = "com.apple.product-type.application";
		};
		E9B0C8E2291ABC1200D34F22 /* LiquidGlassSandboxTests */ = {
			isa = PBXNativeTarget;
			buildConfigurationList = E9B0C902291ABC1200D34F52 /* Build configuration list for PBXNativeTarget "LiquidGlassSandboxTests" */;
			buildPhases = (
				E9B0C8F5291ABC1200D34F35 /* Sources */,
				E9B0C8F2291ABC1200D34F32 /* Frameworks */,
				E9B0C8F8291ABC1200D34F38 /* Resources */,
			);
			buildRules = (
			);
			dependencies = (
				E9B0C8C3291ABC1200D34F13 /* PBXTargetDependency */,
			);
			name = LiquidGlassSandboxTests;
			productName = LiquidGlassSandboxTests;
			productReference = 1F4DF7A4AD8A410C8C9C0D9F /* LiquidGlassSandboxTests.xctest */;
			productType = "com.apple.product-type.bundle.unit-test";
		};
		E9B0C8E3291ABC1200D34F23 /* LiquidGlassSandboxUITests */ = {
			isa = PBXNativeTarget;
			buildConfigurationList = E9B0C903291ABC1200D34F53 /* Build configuration list for PBXNativeTarget "LiquidGlassSandboxUITests" */;
			buildPhases = (
				E9B0C8F6291ABC1200D34F36 /* Sources */,
				E9B0C8F3291ABC1200D34F33 /* Frameworks */,
				E9B0C8F9291ABC1200D34F39 /* Resources */,
			);
			buildRules = (
			);
			dependencies = (
				E9B0C8C4291ABC1200D34F14 /* PBXTargetDependency */,
			);
			name = LiquidGlassSandboxUITests;
			productName = LiquidGlassSandboxUITests;
			productReference = B367D6077AEB478C891230CE /* LiquidGlassSandboxUITests.xctest */;
			productType = "com.apple.product-type.bundle.ui-testing";
		};
/* End PBXNativeTarget section */

/* Begin PBXProject section */
		E9B0C8D0291ABC1200D34F00 /* Project object */ = {
			isa = PBXProject;
			attributes = {
				BuildIndependentTargetsInParallel = 1;
				LastSwiftUpdateCheck = 1500;
				LastUpgradeCheck = 2610;
				TargetAttributes = {
					E9B0C8E1291ABC1200D34F21 = {
						CreatedOnToolsVersion = 15.0;
					};
					E9B0C8E2291ABC1200D34F22 = {
						CreatedOnToolsVersion = 15.0;
						TestTargetID = E9B0C8E1291ABC1200D34F21;
					};
					E9B0C8E3291ABC1200D34F23 = {
						CreatedOnToolsVersion = 15.0;
						TestTargetID = E9B0C8E1291ABC1200D34F21;
					};
				};
			};
			buildConfigurationList = E9B0C904291ABC1200D34F54 /* Build configuration list for PBXProject "LiquidGlassSandbox" */;
			compatibilityVersion = "Xcode 14.0";
			developmentRegion = en;
			hasScannedForEncodings = 0;
			knownRegions = (
				en,
				Base,
			);
			mainGroup = E9B0C8D1291ABC1200D34F40;
			productRefGroup = E9B0C8D5291ABC1200D34F44 /* Products */;
			projectDirPath = "";
			projectRoot = "";
			targets = (
				E9B0C8E1291ABC1200D34F21 /* LiquidGlassSandbox */,
				E9B0C8E2291ABC1200D34F22 /* LiquidGlassSandboxTests */,
				E9B0C8E3291ABC1200D34F23 /* LiquidGlassSandboxUITests */,
			);
		};
/* End PBXProject section */

/* Begin PBXResourcesBuildPhase section */
		E9B0C8F7291ABC1200D34F37 /* Resources */ = {
			isa = PBXResourcesBuildPhase;
			buildActionMask = 2147483647;
			files = (
				1058794F2ED5082D00B00087 /* QUICK_REFERENCE.md in Resources */,
				10F8C0762ED602AA004ECA3E /* QUICK_START_FIX.md in Resources */,
				1058794B2ED5077600B00087 /* FONT_SETUP_INSTRUCTIONS.md in Resources */,
				10F8C07A2ED60909004ECA3E /* THEME_MODE_IMPLEMENTATION.md in Resources */,
				1058794D2ED507D000B00087 /* IMPLEMENTATION_SUMMARY.md in Resources */,
				10F8C0702ED60161004ECA3E /* TARGET_MEMBERSHIP_FIX.md in Resources */,
				10F8C0722ED60193004ECA3E /* THEME_USAGE_AUDIT.md in Resources */,
				10F8C0742ED60289004ECA3E /* THEME_FIX_COMPLETE.md in Resources */,
				E9B0C8AD291ABC1200D34F0D /* Assets.xcassets in Resources */,
			);
			runOnlyForDeploymentPostprocessing = 0;
		};
		E9B0C8F8291ABC1200D34F38 /* Resources */ = {
			isa = PBXResourcesBuildPhase;
			buildActionMask = 2147483647;
			files = (
			);
			runOnlyForDeploymentPostprocessing = 0;
		};
		E9B0C8F9291ABC1200D34F39 /* Resources */ = {
			isa = PBXResourcesBuildPhase;
			buildActionMask = 2147483647;
			files = (
			);
			runOnlyForDeploymentPostprocessing = 0;
		};
/* End PBXResourcesBuildPhase section */

/* Begin PBXSourcesBuildPhase section */
		E9B0C8F4291ABC1200D34F34 /* Sources */ = {
			isa = PBXSourcesBuildPhase;
			buildActionMask = 2147483647;
			files = (
				10F8C0772ED606B9004ECA3E /* DesignSystemDemoView.swift in Sources */,
				10F8C06E2ED5FF60004ECA3E /* DesignSystemTokenInspector.swift in Sources */,
				E9B0C8A1291ABC1200D34F01 /* LiquidGlassSandboxApp.swift in Sources */,
				E9B0C8A2291ABC1200D34F02 /* ContentView.swift in Sources */,
				E9B0C8A3291ABC1200D34F03 /* GlassComponentsView.swift in Sources */,
				10F8C0782ED606DC004ECA3E /* ThemeExtensions.swift in Sources */,
				105879472ED5073900B00087 /* AppBackground.swift in Sources */,
				E9B0C8A4291ABC1200D34F04 /* AdaptiveUIView.swift in Sources */,
				E9B0C8A5291ABC1200D34F05 /* DynamicBlurView.swift in Sources */,
				E9B0C8A6291ABC1200D34F06 /* InteractiveGlassView.swift in Sources */,
				E9B0C8A7291ABC1200D34F07 /* ColorAndGradientView.swift in Sources */,
				E9B0C8A8291ABC1200D34F08 /* DesignSystemGlobal.swift in Sources */,
				E9B0C8A9291ABC1200D34F09 /* DesignSystemLightLarge.swift in Sources */,
				E9B0C8AA291ABC1200D34F0A /* DesignSystemLightMedium.swift in Sources */,
				E9B0C8AB291ABC1200D34F0B /* DesignSystemDarkLarge.swift in Sources */,
				105879492ED5076100B00087 /* CustomFonts.swift in Sources */,
				105879452ED5038100B00087 /* ThemeShowcaseView 2.swift in Sources */,
				D40C549CE4A1451CAAFC21AB /* ThemeShowcaseView.swift in Sources */,
				10F8C0802ED6180F004ECA3E /* ThemeColorsPreview.swift in Sources */,
				E9B0C8AC291ABC1200D34F0C /* DesignSystemDarkMedium.swift in Sources */,
			);
			runOnlyForDeploymentPostprocessing = 0;
		};
		E9B0C8F5291ABC1200D34F35 /* Sources */ = {
			isa = PBXSourcesBuildPhase;
			buildActionMask = 2147483647;
			files = (
				E9B0C8AE291ABC1200D34F0E /* LiquidGlassSandboxTests.swift in Sources */,
			);
			runOnlyForDeploymentPostprocessing = 0;
		};
		E9B0C8F6291ABC1200D34F36 /* Sources */ = {
			isa = PBXSourcesBuildPhase;
			buildActionMask = 2147483647;
			files = (
				E9B0C8AF291ABC1200D34F0F /* LiquidGlassSandboxUITests.swift in Sources */,
			);
			runOnlyForDeploymentPostprocessing = 0;
		};
/* End PBXSourcesBuildPhase section */

/* Begin PBXTargetDependency section */
		E9B0C8C3291ABC1200D34F13 /* PBXTargetDependency */ = {
			isa = PBXTargetDependency;
			target = E9B0C8E1291ABC1200D34F21 /* LiquidGlassSandbox */;
			targetProxy = E9B0C8C1291ABC1200D34F11 /* PBXContainerItemProxy */;
		};
		E9B0C8C4291ABC1200D34F14 /* PBXTargetDependency */ = {
			isa = PBXTargetDependency;
			target = E9B0C8E1291ABC1200D34F21 /* LiquidGlassSandbox */;
			targetProxy = E9B0C8C2291ABC1200D34F12 /* PBXContainerItemProxy */;
		};
/* End PBXTargetDependency section */

/* Begin XCBuildConfiguration section */
		E9B0C911291ABC1200D34F61 /* Debug */ = {
			isa = XCBuildConfiguration;
			buildSettings = {
				ASSETCATALOG_COMPILER_APPICON_NAME = AppIcon;
				ASSETCATALOG_COMPILER_GLOBAL_ACCENT_COLOR_NAME = AccentColor;
				CODE_SIGN_STYLE = Automatic;
				CURRENT_PROJECT_VERSION = 1;
				DEVELOPMENT_TEAM = "";
				ENABLE_PREVIEWS = YES;
				GENERATE_INFOPLIST_FILE = YES;
				INFOPLIST_KEY_UIApplicationSceneManifest_Generation = YES;
				INFOPLIST_KEY_UIApplicationSupportsIndirectInputEvents = YES;
				INFOPLIST_KEY_UILaunchScreen_Generation = YES;
				INFOPLIST_KEY_UISupportedInterfaceOrientations_iPad = "UIInterfaceOrientationPortrait UIInterfaceOrientationPortraitUpsideDown UIInterfaceOrientationLandscapeLeft UIInterfaceOrientationLandscapeRight";
				INFOPLIST_KEY_UISupportedInterfaceOrientations_iPhone = "UIInterfaceOrientationPortrait UIInterfaceOrientationLandscapeLeft UIInterfaceOrientationLandscapeRight";
				IPHONEOS_DEPLOYMENT_TARGET = 26.0;
				LD_RUNPATH_SEARCH_PATHS = (
					"$(inherited)",
					"@executable_path/Frameworks",
				);
				MARKETING_VERSION = 1.0;
				PRODUCT_BUNDLE_IDENTIFIER = com.liquidglass.sandbox;
				PRODUCT_NAME = "$(TARGET_NAME)";
				SWIFT_EMIT_LOC_STRINGS = YES;
				SWIFT_VERSION = 5.0;
				TARGETED_DEVICE_FAMILY = "1,2";
			};
			name = Debug;
		};
		E9B0C912291ABC1200D34F62 /* Release */ = {
			isa = XCBuildConfiguration;
			buildSettings = {
				ASSETCATALOG_COMPILER_APPICON_NAME = AppIcon;
				ASSETCATALOG_COMPILER_GLOBAL_ACCENT_COLOR_NAME = AccentColor;
				CODE_SIGN_STYLE = Automatic;
				CURRENT_PROJECT_VERSION = 1;
				DEVELOPMENT_TEAM = "";
				ENABLE_PREVIEWS = YES;
				GENERATE_INFOPLIST_FILE = YES;
				INFOPLIST_KEY_UIApplicationSceneManifest_Generation = YES;
				INFOPLIST_KEY_UIApplicationSupportsIndirectInputEvents = YES;
				INFOPLIST_KEY_UILaunchScreen_Generation = YES;
				INFOPLIST_KEY_UISupportedInterfaceOrientations_iPad = "UIInterfaceOrientationPortrait UIInterfaceOrientationPortraitUpsideDown UIInterfaceOrientationLandscapeLeft UIInterfaceOrientationLandscapeRight";
				INFOPLIST_KEY_UISupportedInterfaceOrientations_iPhone = "UIInterfaceOrientationPortrait UIInterfaceOrientationLandscapeLeft UIInterfaceOrientationLandscapeRight";
				IPHONEOS_DEPLOYMENT_TARGET = 26.0;
				LD_RUNPATH_SEARCH_PATHS = (
					"$(inherited)",
					"@executable_path/Frameworks",
				);
				MARKETING_VERSION = 1.0;
				PRODUCT_BUNDLE_IDENTIFIER = com.liquidglass.sandbox;
				PRODUCT_NAME = "$(TARGET_NAME)";
				SWIFT_EMIT_LOC_STRINGS = YES;
				SWIFT_VERSION = 5.0;
				TARGETED_DEVICE_FAMILY = "1,2";
			};
			name = Release;
		};
		E9B0C913291ABC1200D34F63 /* Debug */ = {
			isa = XCBuildConfiguration;
			buildSettings = {
				BUNDLE_LOADER = "$(TEST_HOST)";
				CODE_SIGN_STYLE = Automatic;
				CURRENT_PROJECT_VERSION = 1;
				DEVELOPMENT_TEAM = "";
				GENERATE_INFOPLIST_FILE = YES;
				IPHONEOS_DEPLOYMENT_TARGET = 26.0;
				MARKETING_VERSION = 1.0;
				PRODUCT_BUNDLE_IDENTIFIER = com.liquidglass.sandbox.tests;
				PRODUCT_NAME = "$(TARGET_NAME)";
				SWIFT_EMIT_LOC_STRINGS = NO;
				SWIFT_VERSION = 5.0;
				TARGETED_DEVICE_FAMILY = "1,2";
				TEST_HOST = "$(BUILT_PRODUCTS_DIR)/LiquidGlassSandbox.app/$(BUNDLE_EXECUTABLE_FOLDER_PATH)/LiquidGlassSandbox";
			};
			name = Debug;
		};
		E9B0C914291ABC1200D34F64 /* Release */ = {
			isa = XCBuildConfiguration;
			buildSettings = {
				BUNDLE_LOADER = "$(TEST_HOST)";
				CODE_SIGN_STYLE = Automatic;
				CURRENT_PROJECT_VERSION = 1;
				DEVELOPMENT_TEAM = "";
				GENERATE_INFOPLIST_FILE = YES;
				IPHONEOS_DEPLOYMENT_TARGET = 26.0;
				MARKETING_VERSION = 1.0;
				PRODUCT_BUNDLE_IDENTIFIER = com.liquidglass.sandbox.tests;
				PRODUCT_NAME = "$(TARGET_NAME)";
				SWIFT_EMIT_LOC_STRINGS = NO;
				SWIFT_VERSION = 5.0;
				TARGETED_DEVICE_FAMILY = "1,2";
				TEST_HOST = "$(BUILT_PRODUCTS_DIR)/LiquidGlassSandbox.app/$(BUNDLE_EXECUTABLE_FOLDER_PATH)/LiquidGlassSandbox";
			};
			name = Release;
		};
		E9B0C915291ABC1200D34F65 /* Debug */ = {
			isa = XCBuildConfiguration;
			buildSettings = {
				CODE_SIGN_STYLE = Automatic;
				CURRENT_PROJECT_VERSION = 1;
				DEVELOPMENT_TEAM = "";
				GENERATE_INFOPLIST_FILE = YES;
				IPHONEOS_DEPLOYMENT_TARGET = 26.0;
				MARKETING_VERSION = 1.0;
				PRODUCT_BUNDLE_IDENTIFIER = com.liquidglass.sandbox.uitests;
				PRODUCT_NAME = "$(TARGET_NAME)";
				SWIFT_EMIT_LOC_STRINGS = NO;
				SWIFT_VERSION = 5.0;
				TARGETED_DEVICE_FAMILY = "1,2";
				TEST_TARGET_NAME = LiquidGlassSandbox;
			};
			name = Debug;
		};
		E9B0C916291ABC1200D34F66 /* Release */ = {
			isa = XCBuildConfiguration;
			buildSettings = {
				CODE_SIGN_STYLE = Automatic;
				CURRENT_PROJECT_VERSION = 1;
				DEVELOPMENT_TEAM = "";
				GENERATE_INFOPLIST_FILE = YES;
				IPHONEOS_DEPLOYMENT_TARGET = 26.0;
				MARKETING_VERSION = 1.0;
				PRODUCT_BUNDLE_IDENTIFIER = com.liquidglass.sandbox.uitests;
				PRODUCT_NAME = "$(TARGET_NAME)";
				SWIFT_EMIT_LOC_STRINGS = NO;
				SWIFT_VERSION = 5.0;
				TARGETED_DEVICE_FAMILY = "1,2";
				TEST_TARGET_NAME = LiquidGlassSandbox;
			};
			name = Release;
		};
		E9B0C917291ABC1200D34F67 /* Debug */ = {
			isa = XCBuildConfiguration;
			buildSettings = {
				ALWAYS_SEARCH_USER_PATHS = NO;
				ASSETCATALOG_COMPILER_GENERATE_SWIFT_ASSET_SYMBOL_EXTENSIONS = YES;
				CLANG_ANALYZER_NONNULL = YES;
				CLANG_ANALYZER_NUMBER_OBJECT_CONVERSION = YES_AGGRESSIVE;
				CLANG_CXX_LANGUAGE_STANDARD = "gnu++20";
				CLANG_ENABLE_MODULES = YES;
				CLANG_ENABLE_OBJC_ARC = YES;
				CLANG_ENABLE_OBJC_WEAK = YES;
				CLANG_WARN_BLOCK_CAPTURE_AUTORELEASING = YES;
				CLANG_WARN_BOOL_CONVERSION = YES;
				CLANG_WARN_COMMA = YES;
				CLANG_WARN_CONSTANT_CONVERSION = YES;
				CLANG_WARN_DEPRECATED_OBJC_IMPLEMENTATIONS = YES;
				CLANG_WARN_DIRECT_OBJC_ISA_USAGE = YES_ERROR;
				CLANG_WARN_DOCUMENTATION_COMMENTS = YES;
				CLANG_WARN_EMPTY_BODY = YES;
				CLANG_WARN_ENUM_CONVERSION = YES;
				CLANG_WARN_INFINITE_RECURSION = YES;
				CLANG_WARN_INT_CONVERSION = YES;
				CLANG_WARN_NON_LITERAL_NULL_CONVERSION = YES;
				CLANG_WARN_OBJC_IMPLICIT_RETAIN_SELF = YES;
				CLANG_WARN_OBJC_LITERAL_CONVERSION = YES;
				CLANG_WARN_OBJC_ROOT_CLASS = YES_ERROR;
				CLANG_WARN_QUOTED_INCLUDE_IN_FRAMEWORK_HEADER = YES;
				CLANG_WARN_RANGE_LOOP_ANALYSIS = YES;
				CLANG_WARN_STRICT_PROTOTYPES = YES;
				CLANG_WARN_SUSPICIOUS_MOVE = YES;
				CLANG_WARN_UNGUARDED_AVAILABILITY = YES_AGGRESSIVE;
				CLANG_WARN_UNREACHABLE_CODE = YES;
				CLANG_WARN__DUPLICATE_METHOD_MATCH = YES;
				COPY_PHASE_STRIP = NO;
				DEBUG_INFORMATION_FORMAT = dwarf;
				ENABLE_STRICT_OBJC_MSGSEND = YES;
				ENABLE_TESTABILITY = YES;
				ENABLE_USER_SCRIPT_SANDBOXING = YES;
				GCC_C_LANGUAGE_STANDARD = gnu17;
				GCC_DYNAMIC_NO_PIC = NO;
				GCC_NO_COMMON_BLOCKS = YES;
				GCC_OPTIMIZATION_LEVEL = 0;
				GCC_PREPROCESSOR_DEFINITIONS = (
					"DEBUG=1",
					"$(inherited)",
				);
				GCC_WARN_64_TO_32_BIT_CONVERSION = YES;
				GCC_WARN_ABOUT_RETURN_TYPE = YES_ERROR;
				GCC_WARN_UNDECLARED_SELECTOR = YES;
				GCC_WARN_UNINITIALIZED_AUTOS = YES_AGGRESSIVE;
				GCC_WARN_UNUSED_FUNCTION = YES;
				GCC_WARN_UNUSED_VARIABLE = YES;
				IPHONEOS_DEPLOYMENT_TARGET = 26.0;
				LOCALIZATION_PREFERS_STRING_CATALOGS = YES;
				MTL_ENABLE_DEBUG_INFO = INCLUDE_SOURCE;
				MTL_FAST_MATH = YES;
				ONLY_ACTIVE_ARCH = YES;
				SDKROOT = iphoneos;
				STRING_CATALOG_GENERATE_SYMBOLS = YES;
				SWIFT_ACTIVE_COMPILATION_CONDITIONS = "DEBUG $(inherited)";
				SWIFT_OPTIMIZATION_LEVEL = "-Onone";
			};
			name = Debug;
		};
		E9B0C918291ABC1200D34F68 /* Release */ = {
			isa = XCBuildConfiguration;
			buildSettings = {
				ALWAYS_SEARCH_USER_PATHS = NO;
				ASSETCATALOG_COMPILER_GENERATE_SWIFT_ASSET_SYMBOL_EXTENSIONS = YES;
				CLANG_ANALYZER_NONNULL = YES;
				CLANG_ANALYZER_NUMBER_OBJECT_CONVERSION = YES_AGGRESSIVE;
				CLANG_CXX_LANGUAGE_STANDARD = "gnu++20";
				CLANG_ENABLE_MODULES = YES;
				CLANG_ENABLE_OBJC_ARC = YES;
				CLANG_ENABLE_OBJC_WEAK = YES;
				CLANG_WARN_BLOCK_CAPTURE_AUTORELEASING = YES;
				CLANG_WARN_BOOL_CONVERSION = YES;
				CLANG_WARN_COMMA = YES;
				CLANG_WARN_CONSTANT_CONVERSION = YES;
				CLANG_WARN_DEPRECATED_OBJC_IMPLEMENTATIONS = YES;
				CLANG_WARN_DIRECT_OBJC_ISA_USAGE = YES_ERROR;
				CLANG_WARN_DOCUMENTATION_COMMENTS = YES;
				CLANG_WARN_EMPTY_BODY = YES;
				CLANG_WARN_ENUM_CONVERSION = YES;
				CLANG_WARN_INFINITE_RECURSION = YES;
				CLANG_WARN_INT_CONVERSION = YES;
				CLANG_WARN_NON_LITERAL_NULL_CONVERSION = YES;
				CLANG_WARN_OBJC_IMPLICIT_RETAIN_SELF = YES;
				CLANG_WARN_OBJC_LITERAL_CONVERSION = YES;
				CLANG_WARN_OBJC_ROOT_CLASS = YES_ERROR;
				CLANG_WARN_QUOTED_INCLUDE_IN_FRAMEWORK_HEADER = YES;
				CLANG_WARN_RANGE_LOOP_ANALYSIS = YES;
				CLANG_WARN_STRICT_PROTOTYPES = YES;
				CLANG_WARN_SUSPICIOUS_MOVE = YES;
				CLANG_WARN_UNGUARDED_AVAILABILITY = YES_AGGRESSIVE;
				CLANG_WARN_UNREACHABLE_CODE = YES;
				CLANG_WARN__DUPLICATE_METHOD_MATCH = YES;
				COPY_PHASE_STRIP = NO;
				DEBUG_INFORMATION_FORMAT = "dwarf-with-dsym";
				ENABLE_NS_ASSERTIONS = NO;
				ENABLE_STRICT_OBJC_MSGSEND = YES;
				ENABLE_USER_SCRIPT_SANDBOXING = YES;
				GCC_C_LANGUAGE_STANDARD = gnu17;
				GCC_NO_COMMON_BLOCKS = YES;
				GCC_WARN_64_TO_32_BIT_CONVERSION = YES;
				GCC_WARN_ABOUT_RETURN_TYPE = YES_ERROR;
				GCC_WARN_UNDECLARED_SELECTOR = YES;
				GCC_WARN_UNINITIALIZED_AUTOS = YES_AGGRESSIVE;
				GCC_WARN_UNUSED_FUNCTION = YES;
				GCC_WARN_UNUSED_VARIABLE = YES;
				IPHONEOS_DEPLOYMENT_TARGET = 26.0;
				LOCALIZATION_PREFERS_STRING_CATALOGS = YES;
				MTL_ENABLE_DEBUG_INFO = NO;
				MTL_FAST_MATH = YES;
				SDKROOT = iphoneos;
				STRING_CATALOG_GENERATE_SYMBOLS = YES;
				SWIFT_COMPILATION_MODE = wholemodule;
				VALIDATE_PRODUCT = YES;
			};
			name = Release;
		};
/* End XCBuildConfiguration section */

/* Begin XCConfigurationList section */
		E9B0C901291ABC1200D34F51 /* Build configuration list for PBXNativeTarget "LiquidGlassSandbox" */ = {
			isa = XCConfigurationList;
			buildConfigurations = (
				E9B0C911291ABC1200D34F61 /* Debug */,
				E9B0C912291ABC1200D34F62 /* Release */,
			);
			defaultConfigurationIsVisible = 0;
			defaultConfigurationName = Release;
		};
		E9B0C902291ABC1200D34F52 /* Build configuration list for PBXNativeTarget "LiquidGlassSandboxTests" */ = {
			isa = XCConfigurationList;
			buildConfigurations = (
				E9B0C913291ABC1200D34F63 /* Debug */,
				E9B0C914291ABC1200D34F64 /* Release */,
			);
			defaultConfigurationIsVisible = 0;
			defaultConfigurationName = Release;
		};
		E9B0C903291ABC1200D34F53 /* Build configuration list for PBXNativeTarget "LiquidGlassSandboxUITests" */ = {
			isa = XCConfigurationList;
			buildConfigurations = (
				E9B0C915291ABC1200D34F65 /* Debug */,
				E9B0C916291ABC1200D34F66 /* Release */,
			);
			defaultConfigurationIsVisible = 0;
			defaultConfigurationName = Release;
		};
		E9B0C904291ABC1200D34F54 /* Build configuration list for PBXProject "LiquidGlassSandbox" */ = {
			isa = XCConfigurationList;
			buildConfigurations = (
				E9B0C917291ABC1200D34F67 /* Debug */,
				E9B0C918291ABC1200D34F68 /* Release */,
			);
			defaultConfigurationIsVisible = 0;
			defaultConfigurationName = Release;
		};
/* End XCConfigurationList section */
	};
	rootObject = E9B0C8D0291ABC1200D34F00 /* Project object */;
}
